# THIS IS AN AUTOGENERATED FILE. DO NOT EDIT THIS FILE DIRECTLY.
# yarn lockfile v1


"@types/node@^10.3.5":
  version "10.17.26"
  resolved "https://registry.yarnpkg.com/@types/node/-/node-10.17.26.tgz#a8a119960bff16b823be4c617da028570779bcfd"
  integrity sha512-myMwkO2Cr82kirHY8uknNRHEVtn0wV3DTQfkrjx17jmkstDRZ24gNUdl8AHXVyVclTYI/bNjgTPTAWvWLqXqkw==

import-sort-parser@^6.0.0:
  version "6.0.0"
  resolved "https://registry.yarnpkg.com/import-sort-parser/-/import-sort-parser-6.0.0.tgz#0d901f264d98ed7caaae71f66128a686f828f2f4"
  integrity sha512-H5L+d6HnqHvThB0GmAA3/43Sv74oCwL0iMk3/ixOv0LRJ69rCyHXeG/+UadMHrD2FefEmgPIWboEPAG7gsQrkA==

import-sort-style@^6.0.0:
  version "6.0.0"
  resolved "https://registry.yarnpkg.com/import-sort-style/-/import-sort-style-6.0.0.tgz#088523f056e5064c34a6426f4733674d81b42e6a"
  integrity sha512-z0H5PKs7YoDeKxNYXv2AA1mjjZFY07fjeNCXUdTM3ymJtWeeEoTm8CQkFm2l+KPZoMczIvdwzJpWkkOamBnsPw==

typescript@^3.2.4:
  version "3.9.5"
  resolved "https://registry.yarnpkg.com/typescript/-/typescript-3.9.5.tgz#586f0dba300cde8be52dd1ac4f7e1009c1b13f36"
  integrity sha512-hSAifV3k+i6lEoCJ2k6R2Z/rp/H3+8sdmcn5NrS3/3kE7+RyZXm9aqvxWqjEXHAd8b0pShatpcdMTvEdvAJltQ==
