# This file is generated by running "yarn install" inside your project.
# Manual changes might be lost - proceed with caution!

__metadata:
  version: 6
  cacheKey: 8

"@types/node@npm:^10.3.5":
  version: 10.17.26
  resolution: "@types/node@npm:10.17.26"
  checksum: 4411028f25f7130700c191352a32cf5ed81c292aaefab6e7df7293630619edf92ae879d3f10eb0814e1b6b5f87290e613a72b390df76245b7a3893e9b9a25705
  languageName: node
  linkType: hard

"import-sort-parser@npm:^6.0.0":
  version: 6.0.0
  resolution: "import-sort-parser@npm:6.0.0"
  checksum: fea00dad4331523a4137b569aba9a6f1c4808501ab11826536143f18b9736eeb1d63d632a73601fa54557f45791989fd4d99b5cf9a7ad7bfa6f076a1d5c4392b
  languageName: node
  linkType: hard

"import-sort-style-javascript@workspace:.":
  version: 0.0.0-use.local
  resolution: "import-sort-style-javascript@workspace:."
  dependencies:
    "@types/node": ^10.3.5
    import-sort-parser: ^6.0.0
    import-sort-style: ^6.0.0
    typescript: ^3.2.4
  languageName: unknown
  linkType: soft

"import-sort-style@npm:^6.0.0":
  version: 6.0.0
  resolution: "import-sort-style@npm:6.0.0"
  checksum: 8c65dd1cd99919f38d92b80bfbd3309d4950c23c50f742344162291273151993d61f027fea584007d1aa20db40b93452a30a51d29d05f72d10f1906767454b52
  languageName: node
  linkType: hard

"typescript@npm:^3.2.4":
  version: 3.9.5
  resolution: "typescript@npm:3.9.5"
  bin:
    tsc: bin/tsc
    tsserver: bin/tsserver
  checksum: 6ebba8deed366a5a47602a7ab6b8489526e615e20dfb3305a49d7c9bed510757f63518225fe03afbadaf3577e08d2aea406fdda23eef3669101d6f7c39e928a1
  languageName: node
  linkType: hard

"typescript@patch:typescript@^3.2.4#~builtin<compat/typescript>":
  version: 3.9.5
  resolution: "typescript@patch:typescript@npm%3A3.9.5#~builtin<compat/typescript>::version=3.9.5&hash=a1c5e5"
  bin:
    tsc: bin/tsc
    tsserver: bin/tsserver
  checksum: bfea14f536401538736250a512d6c779026e9af89a61be59aaefc35fcef9ed926aac1f90509eaa215023b1823d383090cfcc965bb91cbef47f74e151d723fd78
  languageName: node
  linkType: hard
